{
  "name": "myapp",
  "version": "1.0.0",
  "lockfileVersion": 2,
  "requires": true,
  "packages": {
    "": {
      "version": "1.0.0",
      "license": "ISC",
      "dependencies": {
        "@paulo930/fluentsql": ">1.0.0 <2.0.1"
      }
    },
    "node_modules/@paulo930/fluentsql": {
      "version": "2.0.0",
      "resolved": "https://registry.npmjs.org/@paulo930/fluentsql/-/fluentsql-2.0.0.tgz",
      "integrity": "sha512-aMiDG0PL3uiw5b1e+e7SbUiLY8VNkEwOU6z/6pToVVdDbjqNk5ZRprk0wbQulI5m0PVgq9KY8GAj0sRPDpB1eA=="
    }
  },
  "dependencies": {
    "@paulo930/fluentsql": {
      "version": "2.0.0",
      "resolved": "https://registry.npmjs.org/@paulo930/fluentsql/-/fluentsql-2.0.0.tgz",
      "integrity": "sha512-aMiDG0PL3uiw5b1e+e7SbUiLY8VNkEwOU6z/6pToVVdDbjqNk5ZRprk0wbQulI5m0PVgq9KY8GAj0sRPDpB1eA=="
    }
  }
}
