{
  "name": "myapp",
  "version": "1.0.0",
  "lockfileVersion": 2,
  "requires": true,
  "packages": {
    "": {
      "version": "1.0.0",
      "license": "ISC",
      "dependencies": {
        "@paulo930/fluentsql": "^1.1.0"
      }
    },
    "node_modules/@paulo930/fluentsql": {
      "version": "1.1.0",
      "resolved": "https://registry.npmjs.org/@paulo930/fluentsql/-/fluentsql-1.1.0.tgz",
      "integrity": "sha512-7N/B/6IvW2JTbCr4F5ZugVthmRCXolmol5jHWuzt5SOz1uxOHCFc0+Ejr2az/9wXohZFcevLWK7KJ3luD0X3sQ=="
    }
  },
  "dependencies": {
    "@paulo930/fluentsql": {
      "version": "1.1.0",
      "resolved": "https://registry.npmjs.org/@paulo930/fluentsql/-/fluentsql-1.1.0.tgz",
      "integrity": "sha512-7N/B/6IvW2JTbCr4F5ZugVthmRCXolmol5jHWuzt5SOz1uxOHCFc0+Ejr2az/9wXohZFcevLWK7KJ3luD0X3sQ=="
    }
  }
}
